
Microsoft Visual Studio Solution File, Format Version 12.00
# Visual Studio Version 17
VisualStudioVersion = 17.14.36414.22
MinimumVisualStudioVersion = 10.0.40219.1
Project("{FAE04EC0-301F-11D3-BF4B-00C04F79EFBC}") = "Datos", "Datos\Datos.csproj", "{179129D2-F418-4AA9-9DD9-069E83AC2846}"
EndProject
Project("{FAE04EC0-301F-11D3-BF4B-00C04F79EFBC}") = "Logica", "Logica\Logica.csproj", "{96412BE2-6ECD-4659-835E-8C2ED153D20C}"
EndProject
Project("{FAE04EC0-301F-11D3-BF4B-00C04F79EFBC}") = "Entidades", "Entidades\Entidades.csproj", "{4CB56B02-43BB-4D61-B841-6EFC0BDB9C4D}"
EndProject
Project("{FAE04EC0-301F-11D3-BF4B-00C04F79EFBC}") = "Presentacion", "Presentacion\Presentacion.csproj", "{B2E47B8D-37BD-4DB9-B0F8-38638D9A7C89}"
EndProject
Global
	GlobalSection(SolutionConfigurationPlatforms) = preSolution
		Debug|Any CPU = Debug|Any CPU
		Release|Any CPU = Release|Any CPU
	EndGlobalSection
	GlobalSection(ProjectConfigurationPlatforms) = postSolution
		{179129D2-F418-4AA9-9DD9-069E83AC2846}.Debug|Any CPU.ActiveCfg = Debug|Any CPU
		{179129D2-F418-4AA9-9DD9-069E83AC2846}.Debug|Any CPU.Build.0 = Debug|Any CPU
		{179129D2-F418-4AA9-9DD9-069E83AC2846}.Release|Any CPU.ActiveCfg = Release|Any CPU
		{179129D2-F418-4AA9-9DD9-069E83AC2846}.Release|Any CPU.Build.0 = Release|Any CPU
		{96412BE2-6ECD-4659-835E-8C2ED153D20C}.Debug|Any CPU.ActiveCfg = Debug|Any CPU
		{96412BE2-6ECD-4659-835E-8C2ED153D20C}.Debug|Any CPU.Build.0 = Debug|Any CPU
		{96412BE2-6ECD-4659-835E-8C2ED153D20C}.Release|Any CPU.ActiveCfg = Release|Any CPU
		{96412BE2-6ECD-4659-835E-8C2ED153D20C}.Release|Any CPU.Build.0 = Release|Any CPU
		{4CB56B02-43BB-4D61-B841-6EFC0BDB9C4D}.Debug|Any CPU.ActiveCfg = Debug|Any CPU
		{4CB56B02-43BB-4D61-B841-6EFC0BDB9C4D}.Debug|Any CPU.Build.0 = Debug|Any CPU
		{4CB56B02-43BB-4D61-B841-6EFC0BDB9C4D}.Release|Any CPU.ActiveCfg = Release|Any CPU
		{4CB56B02-43BB-4D61-B841-6EFC0BDB9C4D}.Release|Any CPU.Build.0 = Release|Any CPU
		{B2E47B8D-37BD-4DB9-B0F8-38638D9A7C89}.Debug|Any CPU.ActiveCfg = Debug|Any CPU
		{B2E47B8D-37BD-4DB9-B0F8-38638D9A7C89}.Debug|Any CPU.Build.0 = Debug|Any CPU
		{B2E47B8D-37BD-4DB9-B0F8-38638D9A7C89}.Release|Any CPU.ActiveCfg = Release|Any CPU
		{B2E47B8D-37BD-4DB9-B0F8-38638D9A7C89}.Release|Any CPU.Build.0 = Release|Any CPU
	EndGlobalSection
	GlobalSection(SolutionProperties) = preSolution
		HideSolutionNode = FALSE
	EndGlobalSection
	GlobalSection(ExtensibilityGlobals) = postSolution
		SolutionGuid = {0A8CC68B-2E76-4942-B872-3985C47341E0}
	EndGlobalSection
EndGlobal
